
Microsoft Visual Studio Solution File, Format Version 12.00
# Visual Studio Version 17
VisualStudioVersion = 17.0.32112.339
MinimumVisualStudioVersion = 10.0.40219.1
Project("{2150E333-8FDC-42A3-9474-1A3956D46DE8}") = "1 - Server", "1 - Server", "{AC8B0D0A-29CD-4B44-8D32-F0C1AF728FFD}"
EndProject
Project("{2150E333-8FDC-42A3-9474-1A3956D46DE8}") = "2 - Domain", "2 - Domain", "{149245DC-D0A2-4239-80F5-2FC788ADE054}"
EndProject
Project("{2150E333-8FDC-42A3-9474-1A3956D46DE8}") = "4 - Test", "4 - Test", "{AB63A2EB-A041-4716-A787-2385E5068DA7}"
EndProject
Project("{2150E333-8FDC-42A3-9474-1A3956D46DE8}") = "4.0 - Base", "4.0 - Base", "{7015ECD5-613B-4A7D-A985-57314E7862C6}"
EndProject
Project("{2150E333-8FDC-42A3-9474-1A3956D46DE8}") = "4.1 - Server", "4.1 - Server", "{ED72AB05-03CD-4435-924B-021F07261881}"
EndProject
Project("{2150E333-8FDC-42A3-9474-1A3956D46DE8}") = "4.2 - Domain", "4.2 - Domain", "{E4F77A34-DCEE-4B17-AC20-C49BD9CB4496}"
EndProject
Project("{FAE04EC0-301F-11D3-BF4B-00C04F79EFBC}") = "POC.ServerASMX.Application", "src\POC.ServerASMX.Application\POC.ServerASMX.Application.csproj", "{6883D523-9E33-4BA0-ABD2-85DC01486B85}"
EndProject
Project("{FAE04EC0-301F-11D3-BF4B-00C04F79EFBC}") = "POC.ServerASMX.Domain", "src\POC.ServerASMX.Domain\POC.ServerASMX.Domain.csproj", "{A6276646-3F59-490D-AD3E-241FBC9D4B9B}"
EndProject
Project("{2150E333-8FDC-42A3-9474-1A3956D46DE8}") = "3 - Infra", "3 - Infra", "{203E76C2-7C41-4278-94D0-59A4560D2C94}"
EndProject
Project("{2150E333-8FDC-42A3-9474-1A3956D46DE8}") = "4.3 - Infra", "4.3 - Infra", "{36E0871E-E42F-49FE-A14D-FA274A8E73C2}"
EndProject
Project("{FAE04EC0-301F-11D3-BF4B-00C04F79EFBC}") = "POC.ServerASMX.Infra", "src\POC.ServerASMX.Infra\POC.ServerASMX.Infra.csproj", "{0721206A-0F9E-4AEE-9CE2-D98CC06E66CD}"
EndProject
Project("{FAE04EC0-301F-11D3-BF4B-00C04F79EFBC}") = "POC.ServerASMX.Infra.Test.Unit", "test\POC.ServerASMX.Infra.Test.Unit\POC.ServerASMX.Infra.Test.Unit.csproj", "{E1F594E8-21E2-4E04-989F-75EDA6969545}"
EndProject
Project("{FAE04EC0-301F-11D3-BF4B-00C04F79EFBC}") = "POC.ServerASMX.Infra.Data", "src\POC.ServerASMX.Infra.Data\POC.ServerASMX.Infra.Data.csproj", "{314DF703-C60D-4F1D-9C46-261C09EB45FB}"
EndProject
Project("{FAE04EC0-301F-11D3-BF4B-00C04F79EFBC}") = "POC.ServerASMX.Domain.Test.Integration", "test\POC.ServerASMX.Domain.Test.Integration\POC.ServerASMX.Domain.Test.Integration.csproj", "{067F3D08-306C-4B9A-8414-245B05463549}"
EndProject
Project("{FAE04EC0-301F-11D3-BF4B-00C04F79EFBC}") = "POC.ServerASMX.Domain.Test.Unit", "test\POC.ServerASMX.Domain.Test.Unit\POC.ServerASMX.Domain.Test.Unit.csproj", "{D029FCB1-8D8A-4BDC-AF67-5F79D255B9B2}"
EndProject
Project("{FAE04EC0-301F-11D3-BF4B-00C04F79EFBC}") = "POC.ServerASMX.Test.Tools", "test\POC.ServerASMX.Test.Tools\POC.ServerASMX.Test.Tools.csproj", "{5BEAD5CD-8D40-4BBA-9BCF-B4EB16538524}"
	ProjectSection(ProjectDependencies) = postProject
		{6883D523-9E33-4BA0-ABD2-85DC01486B85} = {6883D523-9E33-4BA0-ABD2-85DC01486B85}
	EndProjectSection
EndProject
Project("{FAE04EC0-301F-11D3-BF4B-00C04F79EFBC}") = "POC.ServerASMX.Application.Test.Contract", "test\POC.ServerASMX.Application.Test.Contract\POC.ServerASMX.Application.Test.Contract.csproj", "{5CE22451-358E-423F-9E03-538A48A8F9F0}"
	ProjectSection(ProjectDependencies) = postProject
		{6883D523-9E33-4BA0-ABD2-85DC01486B85} = {6883D523-9E33-4BA0-ABD2-85DC01486B85}
	EndProjectSection
EndProject
Project("{FAE04EC0-301F-11D3-BF4B-00C04F79EFBC}") = "POC.ServerASMX.Application.Test.Integration", "test\POC.ServerASMX.Application.Test.Integration\POC.ServerASMX.Application.Test.Integration.csproj", "{F73ECD25-D0F0-4789-AF1C-1A5793319406}"
EndProject
Global
	GlobalSection(SolutionConfigurationPlatforms) = preSolution
		Debug|Any CPU = Debug|Any CPU
		Release|Any CPU = Release|Any CPU
	EndGlobalSection
	GlobalSection(ProjectConfigurationPlatforms) = postSolution
		{6883D523-9E33-4BA0-ABD2-85DC01486B85}.Debug|Any CPU.ActiveCfg = Debug|Any CPU
		{6883D523-9E33-4BA0-ABD2-85DC01486B85}.Debug|Any CPU.Build.0 = Debug|Any CPU
		{6883D523-9E33-4BA0-ABD2-85DC01486B85}.Release|Any CPU.ActiveCfg = Release|Any CPU
		{6883D523-9E33-4BA0-ABD2-85DC01486B85}.Release|Any CPU.Build.0 = Release|Any CPU
		{A6276646-3F59-490D-AD3E-241FBC9D4B9B}.Debug|Any CPU.ActiveCfg = Debug|Any CPU
		{A6276646-3F59-490D-AD3E-241FBC9D4B9B}.Debug|Any CPU.Build.0 = Debug|Any CPU
		{A6276646-3F59-490D-AD3E-241FBC9D4B9B}.Release|Any CPU.ActiveCfg = Release|Any CPU
		{A6276646-3F59-490D-AD3E-241FBC9D4B9B}.Release|Any CPU.Build.0 = Release|Any CPU
		{0721206A-0F9E-4AEE-9CE2-D98CC06E66CD}.Debug|Any CPU.ActiveCfg = Debug|Any CPU
		{0721206A-0F9E-4AEE-9CE2-D98CC06E66CD}.Debug|Any CPU.Build.0 = Debug|Any CPU
		{0721206A-0F9E-4AEE-9CE2-D98CC06E66CD}.Release|Any CPU.ActiveCfg = Release|Any CPU
		{0721206A-0F9E-4AEE-9CE2-D98CC06E66CD}.Release|Any CPU.Build.0 = Release|Any CPU
		{E1F594E8-21E2-4E04-989F-75EDA6969545}.Debug|Any CPU.ActiveCfg = Debug|Any CPU
		{E1F594E8-21E2-4E04-989F-75EDA6969545}.Debug|Any CPU.Build.0 = Debug|Any CPU
		{E1F594E8-21E2-4E04-989F-75EDA6969545}.Release|Any CPU.ActiveCfg = Release|Any CPU
		{E1F594E8-21E2-4E04-989F-75EDA6969545}.Release|Any CPU.Build.0 = Release|Any CPU
		{314DF703-C60D-4F1D-9C46-261C09EB45FB}.Debug|Any CPU.ActiveCfg = Debug|Any CPU
		{314DF703-C60D-4F1D-9C46-261C09EB45FB}.Debug|Any CPU.Build.0 = Debug|Any CPU
		{314DF703-C60D-4F1D-9C46-261C09EB45FB}.Release|Any CPU.ActiveCfg = Release|Any CPU
		{314DF703-C60D-4F1D-9C46-261C09EB45FB}.Release|Any CPU.Build.0 = Release|Any CPU
		{067F3D08-306C-4B9A-8414-245B05463549}.Debug|Any CPU.ActiveCfg = Debug|Any CPU
		{067F3D08-306C-4B9A-8414-245B05463549}.Debug|Any CPU.Build.0 = Debug|Any CPU
		{067F3D08-306C-4B9A-8414-245B05463549}.Release|Any CPU.ActiveCfg = Release|Any CPU
		{067F3D08-306C-4B9A-8414-245B05463549}.Release|Any CPU.Build.0 = Release|Any CPU
		{D029FCB1-8D8A-4BDC-AF67-5F79D255B9B2}.Debug|Any CPU.ActiveCfg = Debug|Any CPU
		{D029FCB1-8D8A-4BDC-AF67-5F79D255B9B2}.Debug|Any CPU.Build.0 = Debug|Any CPU
		{D029FCB1-8D8A-4BDC-AF67-5F79D255B9B2}.Release|Any CPU.ActiveCfg = Release|Any CPU
		{D029FCB1-8D8A-4BDC-AF67-5F79D255B9B2}.Release|Any CPU.Build.0 = Release|Any CPU
		{5BEAD5CD-8D40-4BBA-9BCF-B4EB16538524}.Debug|Any CPU.ActiveCfg = Debug|Any CPU
		{5BEAD5CD-8D40-4BBA-9BCF-B4EB16538524}.Debug|Any CPU.Build.0 = Debug|Any CPU
		{5BEAD5CD-8D40-4BBA-9BCF-B4EB16538524}.Release|Any CPU.ActiveCfg = Release|Any CPU
		{5BEAD5CD-8D40-4BBA-9BCF-B4EB16538524}.Release|Any CPU.Build.0 = Release|Any CPU
		{5CE22451-358E-423F-9E03-538A48A8F9F0}.Debug|Any CPU.ActiveCfg = Debug|Any CPU
		{5CE22451-358E-423F-9E03-538A48A8F9F0}.Debug|Any CPU.Build.0 = Debug|Any CPU
		{5CE22451-358E-423F-9E03-538A48A8F9F0}.Release|Any CPU.ActiveCfg = Release|Any CPU
		{5CE22451-358E-423F-9E03-538A48A8F9F0}.Release|Any CPU.Build.0 = Release|Any CPU
		{F73ECD25-D0F0-4789-AF1C-1A5793319406}.Debug|Any CPU.ActiveCfg = Debug|Any CPU
		{F73ECD25-D0F0-4789-AF1C-1A5793319406}.Debug|Any CPU.Build.0 = Debug|Any CPU
		{F73ECD25-D0F0-4789-AF1C-1A5793319406}.Release|Any CPU.ActiveCfg = Release|Any CPU
		{F73ECD25-D0F0-4789-AF1C-1A5793319406}.Release|Any CPU.Build.0 = Release|Any CPU
	EndGlobalSection
	GlobalSection(SolutionProperties) = preSolution
		HideSolutionNode = FALSE
	EndGlobalSection
	GlobalSection(NestedProjects) = preSolution
		{7015ECD5-613B-4A7D-A985-57314E7862C6} = {AB63A2EB-A041-4716-A787-2385E5068DA7}
		{ED72AB05-03CD-4435-924B-021F07261881} = {AB63A2EB-A041-4716-A787-2385E5068DA7}
		{E4F77A34-DCEE-4B17-AC20-C49BD9CB4496} = {AB63A2EB-A041-4716-A787-2385E5068DA7}
		{6883D523-9E33-4BA0-ABD2-85DC01486B85} = {AC8B0D0A-29CD-4B44-8D32-F0C1AF728FFD}
		{A6276646-3F59-490D-AD3E-241FBC9D4B9B} = {149245DC-D0A2-4239-80F5-2FC788ADE054}
		{36E0871E-E42F-49FE-A14D-FA274A8E73C2} = {AB63A2EB-A041-4716-A787-2385E5068DA7}
		{0721206A-0F9E-4AEE-9CE2-D98CC06E66CD} = {203E76C2-7C41-4278-94D0-59A4560D2C94}
		{E1F594E8-21E2-4E04-989F-75EDA6969545} = {36E0871E-E42F-49FE-A14D-FA274A8E73C2}
		{314DF703-C60D-4F1D-9C46-261C09EB45FB} = {203E76C2-7C41-4278-94D0-59A4560D2C94}
		{067F3D08-306C-4B9A-8414-245B05463549} = {E4F77A34-DCEE-4B17-AC20-C49BD9CB4496}
		{D029FCB1-8D8A-4BDC-AF67-5F79D255B9B2} = {E4F77A34-DCEE-4B17-AC20-C49BD9CB4496}
		{5BEAD5CD-8D40-4BBA-9BCF-B4EB16538524} = {7015ECD5-613B-4A7D-A985-57314E7862C6}
		{5CE22451-358E-423F-9E03-538A48A8F9F0} = {ED72AB05-03CD-4435-924B-021F07261881}
		{F73ECD25-D0F0-4789-AF1C-1A5793319406} = {ED72AB05-03CD-4435-924B-021F07261881}
	EndGlobalSection
	GlobalSection(ExtensibilityGlobals) = postSolution
		SolutionGuid = {F4138501-CCAD-42DA-BD86-D0400319E48A}
	EndGlobalSection
EndGlobal
